// !$*UTF8*$!
{
	archiveVersion = 1;
	classes = {
	};
	objectVersion = 55;
	objects = {

/* Begin PBXBuildFile section */
		CD0210762813D19600BCFE82 /* ToiletAnimation.json in Resources */ = {isa = PBXBuildFile; fileRef = CD0210752813D19600BCFE82 /* ToiletAnimation.json */; };
		CD04EA5727D8A01600D90366 /* GoogleService-Info.plist in Resources */ = {isa = PBXBuildFile; fileRef = CD04EA5627D8A01600D90366 /* GoogleService-Info.plist */; };
		CD0A381127E514EE00937BF6 /* UserModel.swift in Sources */ = {isa = PBXBuildFile; fileRef = CD0A381027E514EE00937BF6 /* UserModel.swift */; };
		CD0A381327E855BC00937BF6 /* RestroomDoc.swift in Sources */ = {isa = PBXBuildFile; fileRef = CD0A381227E855BC00937BF6 /* RestroomDoc.swift */; };
		CD0A381527E85BD700937BF6 /* RestroomModel.swift in Sources */ = {isa = PBXBuildFile; fileRef = CD0A381427E85BD700937BF6 /* RestroomModel.swift */; };
		CD0A381727E8F78100937BF6 /* MainSearchViewController.swift in Sources */ = {isa = PBXBuildFile; fileRef = CD0A381627E8F78000937BF6 /* MainSearchViewController.swift */; };
		CD0A381A27E9483E00937BF6 /* AddRestroomViewController.swift in Sources */ = {isa = PBXBuildFile; fileRef = CD0A381927E9483E00937BF6 /* AddRestroomViewController.swift */; };
		CD1F2D1C27F68346002FD9CD /* MapTableRestroomViewController.swift in Sources */ = {isa = PBXBuildFile; fileRef = CD1F2D1B27F68345002FD9CD /* MapTableRestroomViewController.swift */; };
		CD227EA127FA307700C2E8DD /* TableRestroomViewController.swift in Sources */ = {isa = PBXBuildFile; fileRef = CD227EA027FA307700C2E8DD /* TableRestroomViewController.swift */; };
		CD43FEED27EC1DCD00A38888 /* ReviewDoc.swift in Sources */ = {isa = PBXBuildFile; fileRef = CD43FEEC27EC1DCD00A38888 /* ReviewDoc.swift */; };
		CD43FEEF27EC37E200A38888 /* ReviewModel.swift in Sources */ = {isa = PBXBuildFile; fileRef = CD43FEEE27EC37E200A38888 /* ReviewModel.swift */; };
		CD43FEF327F0247400A38888 /* SelectAddressViewController.swift in Sources */ = {isa = PBXBuildFile; fileRef = CD43FEF227F0247400A38888 /* SelectAddressViewController.swift */; };
		CD48DB172818F1120073C4C8 /* UpdatePasswordViewController.swift in Sources */ = {isa = PBXBuildFile; fileRef = CD48DB162818F1120073C4C8 /* UpdatePasswordViewController.swift */; };
		CD4FD36427F24CBD008EA81C /* AddReviewViewController.swift in Sources */ = {isa = PBXBuildFile; fileRef = CD4FD36327F24CBD008EA81C /* AddReviewViewController.swift */; };
		CD7D604E2812451500FD7992 /* UpdateNameViewController.swift in Sources */ = {isa = PBXBuildFile; fileRef = CD7D604D2812451500FD7992 /* UpdateNameViewController.swift */; };
		CD7D60502812469800FD7992 /* MainMoreViewController.swift in Sources */ = {isa = PBXBuildFile; fileRef = CD7D604F2812469800FD7992 /* MainMoreViewController.swift */; };
		CD9F346727EAF4B100D81876 /* RestroomViewController.swift in Sources */ = {isa = PBXBuildFile; fileRef = CD9F346627EAF4B100D81876 /* RestroomViewController.swift */; };
		CDA7BA7827D209D60071497C /* AppDelegate.swift in Sources */ = {isa = PBXBuildFile; fileRef = CDA7BA7727D209D60071497C /* AppDelegate.swift */; };
		CDA7BA7A27D209D60071497C /* SceneDelegate.swift in Sources */ = {isa = PBXBuildFile; fileRef = CDA7BA7927D209D60071497C /* SceneDelegate.swift */; };
		CDA7BA7C27D209D60071497C /* LoginViewController.swift in Sources */ = {isa = PBXBuildFile; fileRef = CDA7BA7B27D209D60071497C /* LoginViewController.swift */; };
		CDA7BA7F27D209D60071497C /* Main.storyboard in Resources */ = {isa = PBXBuildFile; fileRef = CDA7BA7D27D209D60071497C /* Main.storyboard */; };
		CDA7BA8127D209D70071497C /* Assets.xcassets in Resources */ = {isa = PBXBuildFile; fileRef = CDA7BA8027D209D70071497C /* Assets.xcassets */; };
		CDA7BA8427D209D70071497C /* LaunchScreen.storyboard in Resources */ = {isa = PBXBuildFile; fileRef = CDA7BA8227D209D70071497C /* LaunchScreen.storyboard */; };
		F2F29EEFC3D2A0E46E7FA27A /* Pods_Restroom_Review.framework in Frameworks */ = {isa = PBXBuildFile; fileRef = 8E851D564F9E2E2AFF8C865E /* Pods_Restroom_Review.framework */; };
/* End PBXBuildFile section */

/* Begin PBXFileReference section */
		449698A576B8C20B28382F5C /* Pods-Restroom Review.debug.xcconfig */ = {isa = PBXFileReference; includeInIndex = 1; lastKnownFileType = text.xcconfig; name = "Pods-Restroom Review.debug.xcconfig"; path = "Target Support Files/Pods-Restroom Review/Pods-Restroom Review.debug.xcconfig"; sourceTree = "<group>"; };
		466CB6B8FC2F549A552EC35A /* Pods-Restroom Review.release.xcconfig */ = {isa = PBXFileReference; includeInIndex = 1; lastKnownFileType = text.xcconfig; name = "Pods-Restroom Review.release.xcconfig"; path = "Target Support Files/Pods-Restroom Review/Pods-Restroom Review.release.xcconfig"; sourceTree = "<group>"; };
		8E851D564F9E2E2AFF8C865E /* Pods_Restroom_Review.framework */ = {isa = PBXFileReference; explicitFileType = wrapper.framework; includeInIndex = 0; path = Pods_Restroom_Review.framework; sourceTree = BUILT_PRODUCTS_DIR; };
		CD0210752813D19600BCFE82 /* ToiletAnimation.json */ = {isa = PBXFileReference; fileEncoding = 4; lastKnownFileType = text.json; path = ToiletAnimation.json; sourceTree = "<group>"; };
		CD04EA5627D8A01600D90366 /* GoogleService-Info.plist */ = {isa = PBXFileReference; lastKnownFileType = text.plist; path = "GoogleService-Info.plist"; sourceTree = SOURCE_ROOT; };
		CD0A381027E514EE00937BF6 /* UserModel.swift */ = {isa = PBXFileReference; lastKnownFileType = sourcecode.swift; path = UserModel.swift; sourceTree = "<group>"; };
		CD0A381227E855BC00937BF6 /* RestroomDoc.swift */ = {isa = PBXFileReference; lastKnownFileType = sourcecode.swift; path = RestroomDoc.swift; sourceTree = "<group>"; };
		CD0A381427E85BD700937BF6 /* RestroomModel.swift */ = {isa = PBXFileReference; lastKnownFileType = sourcecode.swift; path = RestroomModel.swift; sourceTree = "<group>"; };
		CD0A381627E8F78000937BF6 /* MainSearchViewController.swift */ = {isa = PBXFileReference; lastKnownFileType = sourcecode.swift; name = MainSearchViewController.swift; path = "/Users/nathanielduya/Desktop/CS CLASSES/Spring2022/iOS Dev csc680/CSC660Final/Restroom Review/Restroom Review/MainSearchViewController.swift"; sourceTree = "<absolute>"; };
		CD0A381927E9483E00937BF6 /* AddRestroomViewController.swift */ = {isa = PBXFileReference; lastKnownFileType = sourcecode.swift; path = AddRestroomViewController.swift; sourceTree = "<group>"; };
		CD1F2D1B27F68345002FD9CD /* MapTableRestroomViewController.swift */ = {isa = PBXFileReference; lastKnownFileType = sourcecode.swift; path = MapTableRestroomViewController.swift; sourceTree = "<group>"; };
		CD227EA027FA307700C2E8DD /* TableRestroomViewController.swift */ = {isa = PBXFileReference; lastKnownFileType = sourcecode.swift; path = TableRestroomViewController.swift; sourceTree = "<group>"; };
		CD43FEEC27EC1DCD00A38888 /* ReviewDoc.swift */ = {isa = PBXFileReference; lastKnownFileType = sourcecode.swift; path = ReviewDoc.swift; sourceTree = "<group>"; };
		CD43FEEE27EC37E200A38888 /* ReviewModel.swift */ = {isa = PBXFileReference; lastKnownFileType = sourcecode.swift; path = ReviewModel.swift; sourceTree = "<group>"; };
		CD43FEF227F0247400A38888 /* SelectAddressViewController.swift */ = {isa = PBXFileReference; lastKnownFileType = sourcecode.swift; path = SelectAddressViewController.swift; sourceTree = "<group>"; };
		CD48DB162818F1120073C4C8 /* UpdatePasswordViewController.swift */ = {isa = PBXFileReference; lastKnownFileType = sourcecode.swift; path = UpdatePasswordViewController.swift; sourceTree = "<group>"; };
		CD4FD36327F24CBD008EA81C /* AddReviewViewController.swift */ = {isa = PBXFileReference; lastKnownFileType = sourcecode.swift; path = AddReviewViewController.swift; sourceTree = "<group>"; };
		CD7D604D2812451500FD7992 /* UpdateNameViewController.swift */ = {isa = PBXFileReference; lastKnownFileType = sourcecode.swift; path = UpdateNameViewController.swift; sourceTree = "<group>"; };
		CD7D604F2812469800FD7992 /* MainMoreViewController.swift */ = {isa = PBXFileReference; lastKnownFileType = sourcecode.swift; path = MainMoreViewController.swift; sourceTree = "<group>"; };
		CD9F346627EAF4B100D81876 /* RestroomViewController.swift */ = {isa = PBXFileReference; lastKnownFileType = sourcecode.swift; path = RestroomViewController.swift; sourceTree = "<group>"; };
		CDA7BA7427D209D60071497C /* Restroom Review.app */ = {isa = PBXFileReference; explicitFileType = wrapper.application; includeInIndex = 0; path = "Restroom Review.app"; sourceTree = BUILT_PRODUCTS_DIR; };
		CDA7BA7727D209D60071497C /* AppDelegate.swift */ = {isa = PBXFileReference; lastKnownFileType = sourcecode.swift; path = AppDelegate.swift; sourceTree = "<group>"; };
		CDA7BA7927D209D60071497C /* SceneDelegate.swift */ = {isa = PBXFileReference; lastKnownFileType = sourcecode.swift; path = SceneDelegate.swift; sourceTree = "<group>"; };
		CDA7BA7B27D209D60071497C /* LoginViewController.swift */ = {isa = PBXFileReference; lastKnownFileType = sourcecode.swift; path = LoginViewController.swift; sourceTree = "<group>"; };
		CDA7BA7E27D209D60071497C /* Base */ = {isa = PBXFileReference; lastKnownFileType = file.storyboard; name = Base; path = Base.lproj/Main.storyboard; sourceTree = "<group>"; };
		CDA7BA8027D209D70071497C /* Assets.xcassets */ = {isa = PBXFileReference; lastKnownFileType = folder.assetcatalog; path = Assets.xcassets; sourceTree = "<group>"; };
		CDA7BA8327D209D70071497C /* Base */ = {isa = PBXFileReference; lastKnownFileType = file.storyboard; name = Base; path = Base.lproj/LaunchScreen.storyboard; sourceTree = "<group>"; };
		CDA7BA8527D209D70071497C /* Info.plist */ = {isa = PBXFileReference; lastKnownFileType = text.plist.xml; path = Info.plist; sourceTree = "<group>"; };
/* End PBXFileReference section */

/* Begin PBXFrameworksBuildPhase section */
		CDA7BA7127D209D60071497C /* Frameworks */ = {
			isa = PBXFrameworksBuildPhase;
			buildActionMask = 2147483647;
			files = (
				F2F29EEFC3D2A0E46E7FA27A /* Pods_Restroom_Review.framework in Frameworks */,
			);
			runOnlyForDeploymentPostprocessing = 0;
		};
/* End PBXFrameworksBuildPhase section */

/* Begin PBXGroup section */
		3DDAF642252446517A546206 /* Pods */ = {
			isa = PBXGroup;
			children = (
				449698A576B8C20B28382F5C /* Pods-Restroom Review.debug.xcconfig */,
				466CB6B8FC2F549A552EC35A /* Pods-Restroom Review.release.xcconfig */,
			);
			path = Pods;
			sourceTree = "<group>";
		};
		BC63DF12ADD101A8A8793B8C /* Frameworks */ = {
			isa = PBXGroup;
			children = (
				8E851D564F9E2E2AFF8C865E /* Pods_Restroom_Review.framework */,
			);
			name = Frameworks;
			sourceTree = "<group>";
		};
		CD0A380B27E513A300937BF6 /* db */ = {
			isa = PBXGroup;
			children = (
				CD0A380F27E5145A00937BF6 /* Documents */,
				CD0A380E27E513E900937BF6 /* Models */,
			);
			path = db;
			sourceTree = "<group>";
		};
		CD0A380E27E513E900937BF6 /* Models */ = {
			isa = PBXGroup;
			children = (
				CD0A381027E514EE00937BF6 /* UserModel.swift */,
				CD0A381427E85BD700937BF6 /* RestroomModel.swift */,
				CD43FEEE27EC37E200A38888 /* ReviewModel.swift */,
			);
			path = Models;
			sourceTree = "<group>";
		};
		CD0A380F27E5145A00937BF6 /* Documents */ = {
			isa = PBXGroup;
			children = (
				CD0A381227E855BC00937BF6 /* RestroomDoc.swift */,
				CD43FEEC27EC1DCD00A38888 /* ReviewDoc.swift */,
			);
			path = Documents;
			sourceTree = "<group>";
		};
		CD9F346827EAF4E100D81876 /* SearchTab */ = {
			isa = PBXGroup;
			children = (
				CD0A381627E8F78000937BF6 /* MainSearchViewController.swift */,
				CD9F346627EAF4B100D81876 /* RestroomViewController.swift */,
				CD4FD36327F24CBD008EA81C /* AddReviewViewController.swift */,
				CD0A381927E9483E00937BF6 /* AddRestroomViewController.swift */,
				CD43FEF227F0247400A38888 /* SelectAddressViewController.swift */,
				CD1F2D1B27F68345002FD9CD /* MapTableRestroomViewController.swift */,
				CD227EA027FA307700C2E8DD /* TableRestroomViewController.swift */,
			);
			path = SearchTab;
			sourceTree = "<group>";
		};
		CD9F346927EAF4EF00D81876 /* AccountTab */ = {
			isa = PBXGroup;
			children = (
				CDA7BA7B27D209D60071497C /* LoginViewController.swift */,
			);
			path = AccountTab;
			sourceTree = "<group>";
		};
		CD9F346A27EAF4F700D81876 /* MoreTab */ = {
			isa = PBXGroup;
			children = (
				CD7D604F2812469800FD7992 /* MainMoreViewController.swift */,
				CD7D604D2812451500FD7992 /* UpdateNameViewController.swift */,
				CD48DB162818F1120073C4C8 /* UpdatePasswordViewController.swift */,
			);
			path = MoreTab;
			sourceTree = "<group>";
		};
		CDA7BA6B27D209D60071497C = {
			isa = PBXGroup;
			children = (
				CDA7BA7627D209D60071497C /* Restroom Review */,
				CDA7BA7527D209D60071497C /* Products */,
				3DDAF642252446517A546206 /* Pods */,
				BC63DF12ADD101A8A8793B8C /* Frameworks */,
			);
			sourceTree = "<group>";
		};
		CDA7BA7527D209D60071497C /* Products */ = {
			isa = PBXGroup;
			children = (
				CDA7BA7427D209D60071497C /* Restroom Review.app */,
			);
			name = Products;
			sourceTree = "<group>";
		};
		CDA7BA7627D209D60071497C /* Restroom Review */ = {
			isa = PBXGroup;
			children = (
				CD9F346A27EAF4F700D81876 /* MoreTab */,
				CD9F346927EAF4EF00D81876 /* AccountTab */,
				CD9F346827EAF4E100D81876 /* SearchTab */,
				CD0A380B27E513A300937BF6 /* db */,
				CDA7BA7727D209D60071497C /* AppDelegate.swift */,
				CDA7BA7927D209D60071497C /* SceneDelegate.swift */,
				CDA7BA7D27D209D60071497C /* Main.storyboard */,
				CD0210752813D19600BCFE82 /* ToiletAnimation.json */,
				CDA7BA8027D209D70071497C /* Assets.xcassets */,
				CDA7BA8227D209D70071497C /* LaunchScreen.storyboard */,
				CD04EA5627D8A01600D90366 /* GoogleService-Info.plist */,
				CDA7BA8527D209D70071497C /* Info.plist */,
			);
			path = "Restroom Review";
			sourceTree = "<group>";
		};
/* End PBXGroup section */

/* Begin PBXNativeTarget section */
		CDA7BA7327D209D60071497C /* Restroom Review */ = {
			isa = PBXNativeTarget;
			buildConfigurationList = CDA7BA8827D209D70071497C /* Build configuration list for PBXNativeTarget "Restroom Review" */;
			buildPhases = (
				DF9AA76AF93EA3BF86C1FC5D /* [CP] Check Pods Manifest.lock */,
				CDA7BA7027D209D60071497C /* Sources */,
				CDA7BA7127D209D60071497C /* Frameworks */,
				CDA7BA7227D209D60071497C /* Resources */,
				04D678B143B4FBB361AC8A53 /* [CP] Embed Pods Frameworks */,
				753E855600EAFD843CE8F70E /* [CP] Copy Pods Resources */,
			);
			buildRules = (
			);
			dependencies = (
			);
			name = "Restroom Review";
			productName = "Restroom Review";
			productReference = CDA7BA7427D209D60071497C /* Restroom Review.app */;
			productType = "com.apple.product-type.application";
		};
/* End PBXNativeTarget section */

/* Begin PBXProject section */
		CDA7BA6C27D209D60071497C /* Project object */ = {
			isa = PBXProject;
			attributes = {
				BuildIndependentTargetsInParallel = 1;
				LastSwiftUpdateCheck = 1320;
				LastUpgradeCheck = 1320;
				TargetAttributes = {
					CDA7BA7327D209D60071497C = {
						CreatedOnToolsVersion = 13.2.1;
					};
				};
			};
			buildConfigurationList = CDA7BA6F27D209D60071497C /* Build configuration list for PBXProject "Restroom Review" */;
			compatibilityVersion = "Xcode 13.0";
			developmentRegion = en;
			hasScannedForEncodings = 0;
			knownRegions = (
				en,
				Base,
			);
			mainGroup = CDA7BA6B27D209D60071497C;
			productRefGroup = CDA7BA7527D209D60071497C /* Products */;
			projectDirPath = "";
			projectRoot = "";
			targets = (
				CDA7BA7327D209D60071497C /* Restroom Review */,
			);
		};
/* End PBXProject section */

/* Begin PBXResourcesBuildPhase section */
		CDA7BA7227D209D60071497C /* Resources */ = {
			isa = PBXResourcesBuildPhase;
			buildActionMask = 2147483647;
			files = (
				CDA7BA8427D209D70071497C /* LaunchScreen.storyboard in Resources */,
				CD04EA5727D8A01600D90366 /* GoogleService-Info.plist in Resources */,
				CD0210762813D19600BCFE82 /* ToiletAnimation.json in Resources */,
				CDA7BA8127D209D70071497C /* Assets.xcassets in Resources */,
				CDA7BA7F27D209D60071497C /* Main.storyboard in Resources */,
			);
			runOnlyForDeploymentPostprocessing = 0;
		};
/* End PBXResourcesBuildPhase section */

/* Begin PBXShellScriptBuildPhase section */
		04D678B143B4FBB361AC8A53 /* [CP] Embed Pods Frameworks */ = {
			isa = PBXShellScriptBuildPhase;
			buildActionMask = 2147483647;
			files = (
			);
			inputFileListPaths = (
				"${PODS_ROOT}/Target Support Files/Pods-Restroom Review/Pods-Restroom Review-frameworks-${CONFIGURATION}-input-files.xcfilelist",
			);
			name = "[CP] Embed Pods Frameworks";
			outputFileListPaths = (
				"${PODS_ROOT}/Target Support Files/Pods-Restroom Review/Pods-Restroom Review-frameworks-${CONFIGURATION}-output-files.xcfilelist",
			);
			runOnlyForDeploymentPostprocessing = 0;
			shellPath = /bin/sh;
			shellScript = "\"${PODS_ROOT}/Target Support Files/Pods-Restroom Review/Pods-Restroom Review-frameworks.sh\"\n";
			showEnvVarsInLog = 0;
		};
		753E855600EAFD843CE8F70E /* [CP] Copy Pods Resources */ = {
			isa = PBXShellScriptBuildPhase;
			buildActionMask = 2147483647;
			files = (
			);
			inputFileListPaths = (
				"${PODS_ROOT}/Target Support Files/Pods-Restroom Review/Pods-Restroom Review-resources-${CONFIGURATION}-input-files.xcfilelist",
			);
			name = "[CP] Copy Pods Resources";
			outputFileListPaths = (
				"${PODS_ROOT}/Target Support Files/Pods-Restroom Review/Pods-Restroom Review-resources-${CONFIGURATION}-output-files.xcfilelist",
			);
			runOnlyForDeploymentPostprocessing = 0;
			shellPath = /bin/sh;
			shellScript = "\"${PODS_ROOT}/Target Support Files/Pods-Restroom Review/Pods-Restroom Review-resources.sh\"\n";
			showEnvVarsInLog = 0;
		};
		DF9AA76AF93EA3BF86C1FC5D /* [CP] Check Pods Manifest.lock */ = {
			isa = PBXShellScriptBuildPhase;
			buildActionMask = 2147483647;
			files = (
			);
			inputFileListPaths = (
			);
			inputPaths = (
				"${PODS_PODFILE_DIR_PATH}/Podfile.lock",
				"${PODS_ROOT}/Manifest.lock",
			);
			name = "[CP] Check Pods Manifest.lock";
			outputFileListPaths = (
			);
			outputPaths = (
				"$(DERIVED_FILE_DIR)/Pods-Restroom Review-checkManifestLockResult.txt",
			);
			runOnlyForDeploymentPostprocessing = 0;
			shellPath = /bin/sh;
			shellScript = "diff \"${PODS_PODFILE_DIR_PATH}/Podfile.lock\" \"${PODS_ROOT}/Manifest.lock\" > /dev/null\nif [ $? != 0 ] ; then\n    # print error to STDERR\n    echo \"error: The sandbox is not in sync with the Podfile.lock. Run 'pod install' or update your CocoaPods installation.\" >&2\n    exit 1\nfi\n# This output is used by Xcode 'outputs' to avoid re-running this script phase.\necho \"SUCCESS\" > \"${SCRIPT_OUTPUT_FILE_0}\"\n";
			showEnvVarsInLog = 0;
		};
/* End PBXShellScriptBuildPhase section */

/* Begin PBXSourcesBuildPhase section */
		CDA7BA7027D209D60071497C /* Sources */ = {
			isa = PBXSourcesBuildPhase;
			buildActionMask = 2147483647;
			files = (
				CD0A381527E85BD700937BF6 /* RestroomModel.swift in Sources */,
				CD0A381727E8F78100937BF6 /* MainSearchViewController.swift in Sources */,
				CD48DB172818F1120073C4C8 /* UpdatePasswordViewController.swift in Sources */,
				CD43FEED27EC1DCD00A38888 /* ReviewDoc.swift in Sources */,
				CD227EA127FA307700C2E8DD /* TableRestroomViewController.swift in Sources */,
				CD1F2D1C27F68346002FD9CD /* MapTableRestroomViewController.swift in Sources */,
				CD9F346727EAF4B100D81876 /* RestroomViewController.swift in Sources */,
				CDA7BA7C27D209D60071497C /* LoginViewController.swift in Sources */,
				CD0A381327E855BC00937BF6 /* RestroomDoc.swift in Sources */,
				CDA7BA7827D209D60071497C /* AppDelegate.swift in Sources */,
				CD4FD36427F24CBD008EA81C /* AddReviewViewController.swift in Sources */,
				CD0A381A27E9483E00937BF6 /* AddRestroomViewController.swift in Sources */,
				CD43FEEF27EC37E200A38888 /* ReviewModel.swift in Sources */,
				CD7D60502812469800FD7992 /* MainMoreViewController.swift in Sources */,
				CD7D604E2812451500FD7992 /* UpdateNameViewController.swift in Sources */,
				CD0A381127E514EE00937BF6 /* UserModel.swift in Sources */,
				CDA7BA7A27D209D60071497C /* SceneDelegate.swift in Sources */,
				CD43FEF327F0247400A38888 /* SelectAddressViewController.swift in Sources */,
			);
			runOnlyForDeploymentPostprocessing = 0;
		};
/* End PBXSourcesBuildPhase section */

/* Begin PBXVariantGroup section */
		CDA7BA7D27D209D60071497C /* Main.storyboard */ = {
			isa = PBXVariantGroup;
			children = (
				CDA7BA7E27D209D60071497C /* Base */,
			);
			name = Main.storyboard;
			sourceTree = "<group>";
		};
		CDA7BA8227D209D70071497C /* LaunchScreen.storyboard */ = {
			isa = PBXVariantGroup;
			children = (
				CDA7BA8327D209D70071497C /* Base */,
			);
			name = LaunchScreen.storyboard;
			sourceTree = "<group>";
		};
/* End PBXVariantGroup section */

/* Begin XCBuildConfiguration section */
		CDA7BA8627D209D70071497C /* Debug */ = {
			isa = XCBuildConfiguration;
			buildSettings = {
				ALWAYS_SEARCH_USER_PATHS = NO;
				CLANG_ANALYZER_NONNULL = YES;
				CLANG_ANALYZER_NUMBER_OBJECT_CONVERSION = YES_AGGRESSIVE;
				CLANG_CXX_LANGUAGE_STANDARD = "gnu++17";
				CLANG_CXX_LIBRARY = "libc++";
				CLANG_ENABLE_MODULES = YES;
				CLANG_ENABLE_OBJC_ARC = YES;
				CLANG_ENABLE_OBJC_WEAK = YES;
				CLANG_WARN_BLOCK_CAPTURE_AUTORELEASING = YES;
				CLANG_WARN_BOOL_CONVERSION = YES;
				CLANG_WARN_COMMA = YES;
				CLANG_WARN_CONSTANT_CONVERSION = YES;
				CLANG_WARN_DEPRECATED_OBJC_IMPLEMENTATIONS = YES;
				CLANG_WARN_DIRECT_OBJC_ISA_USAGE = YES_ERROR;
				CLANG_WARN_DOCUMENTATION_COMMENTS = YES;
				CLANG_WARN_EMPTY_BODY = YES;
				CLANG_WARN_ENUM_CONVERSION = YES;
				CLANG_WARN_INFINITE_RECURSION = YES;
				CLANG_WARN_INT_CONVERSION = YES;
				CLANG_WARN_NON_LITERAL_NULL_CONVERSION = YES;
				CLANG_WARN_OBJC_IMPLICIT_RETAIN_SELF = YES;
				CLANG_WARN_OBJC_LITERAL_CONVERSION = YES;
				CLANG_WARN_OBJC_ROOT_CLASS = YES_ERROR;
				CLANG_WARN_QUOTED_INCLUDE_IN_FRAMEWORK_HEADER = YES;
				CLANG_WARN_RANGE_LOOP_ANALYSIS = YES;
				CLANG_WARN_STRICT_PROTOTYPES = YES;
				CLANG_WARN_SUSPICIOUS_MOVE = YES;
				CLANG_WARN_UNGUARDED_AVAILABILITY = YES_AGGRESSIVE;
				CLANG_WARN_UNREACHABLE_CODE = YES;
				CLANG_WARN__DUPLICATE_METHOD_MATCH = YES;
				COPY_PHASE_STRIP = NO;
				DEBUG_INFORMATION_FORMAT = dwarf;
				ENABLE_STRICT_OBJC_MSGSEND = YES;
				ENABLE_TESTABILITY = YES;
				GCC_C_LANGUAGE_STANDARD = gnu11;
				GCC_DYNAMIC_NO_PIC = NO;
				GCC_NO_COMMON_BLOCKS = YES;
				GCC_OPTIMIZATION_LEVEL = 0;
				GCC_PREPROCESSOR_DEFINITIONS = (
					"DEBUG=1",
					"$(inherited)",
				);
				GCC_WARN_64_TO_32_BIT_CONVERSION = YES;
				GCC_WARN_ABOUT_RETURN_TYPE = YES_ERROR;
				GCC_WARN_UNDECLARED_SELECTOR = YES;
				GCC_WARN_UNINITIALIZED_AUTOS = YES_AGGRESSIVE;
				GCC_WARN_UNUSED_FUNCTION = YES;
				GCC_WARN_UNUSED_VARIABLE = YES;
				IPHONEOS_DEPLOYMENT_TARGET = 15.2;
				MTL_ENABLE_DEBUG_INFO = INCLUDE_SOURCE;
				MTL_FAST_MATH = YES;
				ONLY_ACTIVE_ARCH = YES;
				SDKROOT = iphoneos;
				SWIFT_ACTIVE_COMPILATION_CONDITIONS = DEBUG;
				SWIFT_OPTIMIZATION_LEVEL = "-Onone";
			};
			name = Debug;
		};
		CDA7BA8727D209D70071497C /* Release */ = {
			isa = XCBuildConfiguration;
			buildSettings = {
				ALWAYS_SEARCH_USER_PATHS = NO;
				CLANG_ANALYZER_NONNULL = YES;
				CLANG_ANALYZER_NUMBER_OBJECT_CONVERSION = YES_AGGRESSIVE;
				CLANG_CXX_LANGUAGE_STANDARD = "gnu++17";
				CLANG_CXX_LIBRARY = "libc++";
				CLANG_ENABLE_MODULES = YES;
				CLANG_ENABLE_OBJC_ARC = YES;
				CLANG_ENABLE_OBJC_WEAK = YES;
				CLANG_WARN_BLOCK_CAPTURE_AUTORELEASING = YES;
				CLANG_WARN_BOOL_CONVERSION = YES;
				CLANG_WARN_COMMA = YES;
				CLANG_WARN_CONSTANT_CONVERSION = YES;
				CLANG_WARN_DEPRECATED_OBJC_IMPLEMENTATIONS = YES;
				CLANG_WARN_DIRECT_OBJC_ISA_USAGE = YES_ERROR;
				CLANG_WARN_DOCUMENTATION_COMMENTS = YES;
				CLANG_WARN_EMPTY_BODY = YES;
				CLANG_WARN_ENUM_CONVERSION = YES;
				CLANG_WARN_INFINITE_RECURSION = YES;
				CLANG_WARN_INT_CONVERSION = YES;
				CLANG_WARN_NON_LITERAL_NULL_CONVERSION = YES;
				CLANG_WARN_OBJC_IMPLICIT_RETAIN_SELF = YES;
				CLANG_WARN_OBJC_LITERAL_CONVERSION = YES;
				CLANG_WARN_OBJC_ROOT_CLASS = YES_ERROR;
				CLANG_WARN_QUOTED_INCLUDE_IN_FRAMEWORK_HEADER = YES;
				CLANG_WARN_RANGE_LOOP_ANALYSIS = YES;
				CLANG_WARN_STRICT_PROTOTYPES = YES;
				CLANG_WARN_SUSPICIOUS_MOVE = YES;
				CLANG_WARN_UNGUARDED_AVAILABILITY = YES_AGGRESSIVE;
				CLANG_WARN_UNREACHABLE_CODE = YES;
				CLANG_WARN__DUPLICATE_METHOD_MATCH = YES;
				COPY_PHASE_STRIP = NO;
				DEBUG_INFORMATION_FORMAT = "dwarf-with-dsym";
				ENABLE_NS_ASSERTIONS = NO;
				ENABLE_STRICT_OBJC_MSGSEND = YES;
				GCC_C_LANGUAGE_STANDARD = gnu11;
				GCC_NO_COMMON_BLOCKS = YES;
				GCC_WARN_64_TO_32_BIT_CONVERSION = YES;
				GCC_WARN_ABOUT_RETURN_TYPE = YES_ERROR;
				GCC_WARN_UNDECLARED_SELECTOR = YES;
				GCC_WARN_UNINITIALIZED_AUTOS = YES_AGGRESSIVE;
				GCC_WARN_UNUSED_FUNCTION = YES;
				GCC_WARN_UNUSED_VARIABLE = YES;
				IPHONEOS_DEPLOYMENT_TARGET = 15.2;
				MTL_ENABLE_DEBUG_INFO = NO;
				MTL_FAST_MATH = YES;
				SDKROOT = iphoneos;
				SWIFT_COMPILATION_MODE = wholemodule;
				SWIFT_OPTIMIZATION_LEVEL = "-O";
				VALIDATE_PRODUCT = YES;
			};
			name = Release;
		};
		CDA7BA8927D209D70071497C /* Debug */ = {
			isa = XCBuildConfiguration;
			baseConfigurationReference = 449698A576B8C20B28382F5C /* Pods-Restroom Review.debug.xcconfig */;
			buildSettings = {
				ASSETCATALOG_COMPILER_APPICON_NAME = AppIcon;
				ASSETCATALOG_COMPILER_GLOBAL_ACCENT_COLOR_NAME = AccentColor;
				CODE_SIGN_STYLE = Automatic;
				CURRENT_PROJECT_VERSION = 1;
				DEVELOPMENT_TEAM = ZQVP7H5NWM;
				GENERATE_INFOPLIST_FILE = YES;
				INFOPLIST_FILE = "Restroom Review/Info.plist";
				INFOPLIST_KEY_UIApplicationSupportsIndirectInputEvents = YES;
				INFOPLIST_KEY_UILaunchStoryboardName = LaunchScreen;
				INFOPLIST_KEY_UIMainStoryboardFile = Main;
				INFOPLIST_KEY_UISupportedInterfaceOrientations_iPad = "UIInterfaceOrientationPortrait UIInterfaceOrientationPortraitUpsideDown UIInterfaceOrientationLandscapeLeft UIInterfaceOrientationLandscapeRight";
				INFOPLIST_KEY_UISupportedInterfaceOrientations_iPhone = "UIInterfaceOrientationPortrait UIInterfaceOrientationLandscapeLeft UIInterfaceOrientationLandscapeRight";
				LD_RUNPATH_SEARCH_PATHS = (
					"$(inherited)",
					"@executable_path/Frameworks",
				);
				MARKETING_VERSION = 1.0;
				PRODUCT_BUNDLE_IDENTIFIER = "nduya.sfsu.edu.Restroom-Review";
				PRODUCT_NAME = "$(TARGET_NAME)";
				SWIFT_EMIT_LOC_STRINGS = YES;
				SWIFT_VERSION = 5.0;
				TARGETED_DEVICE_FAMILY = "1,2";
			};
			name = Debug;
		};
		CDA7BA8A27D209D70071497C /* Release */ = {
			isa = XCBuildConfiguration;
			baseConfigurationReference = 466CB6B8FC2F549A552EC35A /* Pods-Restroom Review.release.xcconfig */;
			buildSettings = {
				ASSETCATALOG_COMPILER_APPICON_NAME = AppIcon;
				ASSETCATALOG_COMPILER_GLOBAL_ACCENT_COLOR_NAME = AccentColor;
				CODE_SIGN_STYLE = Automatic;
				CURRENT_PROJECT_VERSION = 1;
				DEVELOPMENT_TEAM = ZQVP7H5NWM;
				GENERATE_INFOPLIST_FILE = YES;
				INFOPLIST_FILE = "Restroom Review/Info.plist";
				INFOPLIST_KEY_UIApplicationSupportsIndirectInputEvents = YES;
				INFOPLIST_KEY_UILaunchStoryboardName = LaunchScreen;
				INFOPLIST_KEY_UIMainStoryboardFile = Main;
				INFOPLIST_KEY_UISupportedInterfaceOrientations_iPad = "UIInterfaceOrientationPortrait UIInterfaceOrientationPortraitUpsideDown UIInterfaceOrientationLandscapeLeft UIInterfaceOrientationLandscapeRight";
				INFOPLIST_KEY_UISupportedInterfaceOrientations_iPhone = "UIInterfaceOrientationPortrait UIInterfaceOrientationLandscapeLeft UIInterfaceOrientationLandscapeRight";
				LD_RUNPATH_SEARCH_PATHS = (
					"$(inherited)",
					"@executable_path/Frameworks",
				);
				MARKETING_VERSION = 1.0;
				PRODUCT_BUNDLE_IDENTIFIER = "nduya.sfsu.edu.Restroom-Review";
				PRODUCT_NAME = "$(TARGET_NAME)";
				SWIFT_EMIT_LOC_STRINGS = YES;
				SWIFT_VERSION = 5.0;
				TARGETED_DEVICE_FAMILY = "1,2";
			};
			name = Release;
		};
/* End XCBuildConfiguration section */

/* Begin XCConfigurationList section */
		CDA7BA6F27D209D60071497C /* Build configuration list for PBXProject "Restroom Review" */ = {
			isa = XCConfigurationList;
			buildConfigurations = (
				CDA7BA8627D209D70071497C /* Debug */,
				CDA7BA8727D209D70071497C /* Release */,
			);
			defaultConfigurationIsVisible = 0;
			defaultConfigurationName = Release;
		};
		CDA7BA8827D209D70071497C /* Build configuration list for PBXNativeTarget "Restroom Review" */ = {
			isa = XCConfigurationList;
			buildConfigurations = (
				CDA7BA8927D209D70071497C /* Debug */,
				CDA7BA8A27D209D70071497C /* Release */,
			);
			defaultConfigurationIsVisible = 0;
			defaultConfigurationName = Release;
		};
/* End XCConfigurationList section */
	};
	rootObject = CDA7BA6C27D209D60071497C /* Project object */;
}
