// !$*UTF8*$!
{
	archiveVersion = 1;
	classes = {
	};
	objectVersion = 55;
	objects = {

/* Begin PBXBuildFile section */
		68CDA23F324BAD640FD3C290 /* Pods_Restroom_Review.framework in Frameworks */ = {isa = PBXBuildFile; fileRef = F1AD773DE8AE91B02A1FCB80 /* Pods_Restroom_Review.framework */; };
		CD04EA5727D8A01600D90366 /* GoogleService-Info.plist in Resources */ = {isa = PBXBuildFile; fileRef = CD04EA5627D8A01600D90366 /* GoogleService-Info.plist */; };
		CDA7BA7827D209D60071497C /* AppDelegate.swift in Sources */ = {isa = PBXBuildFile; fileRef = CDA7BA7727D209D60071497C /* AppDelegate.swift */; };
		CDA7BA7A27D209D60071497C /* SceneDelegate.swift in Sources */ = {isa = PBXBuildFile; fileRef = CDA7BA7927D209D60071497C /* SceneDelegate.swift */; };
		CDA7BA7C27D209D60071497C /* LoginViewController.swift in Sources */ = {isa = PBXBuildFile; fileRef = CDA7BA7B27D209D60071497C /* LoginViewController.swift */; };
		CDA7BA7F27D209D60071497C /* Main.storyboard in Resources */ = {isa = PBXBuildFile; fileRef = CDA7BA7D27D209D60071497C /* Main.storyboard */; };
		CDA7BA8127D209D70071497C /* Assets.xcassets in Resources */ = {isa = PBXBuildFile; fileRef = CDA7BA8027D209D70071497C /* Assets.xcassets */; };
		CDA7BA8427D209D70071497C /* LaunchScreen.storyboard in Resources */ = {isa = PBXBuildFile; fileRef = CDA7BA8227D209D70071497C /* LaunchScreen.storyboard */; };
/* End PBXBuildFile section */

/* Begin PBXFileReference section */
		86E8CBD1D6A043E6CCEB78CA /* Pods-Restroom Review.release.xcconfig */ = {isa = PBXFileReference; includeInIndex = 1; lastKnownFileType = text.xcconfig; name = "Pods-Restroom Review.release.xcconfig"; path = "Target Support Files/Pods-Restroom Review/Pods-Restroom Review.release.xcconfig"; sourceTree = "<group>"; };
		CB33D7124D6BB6AF6D612447 /* Pods-Restroom Review.debug.xcconfig */ = {isa = PBXFileReference; includeInIndex = 1; lastKnownFileType = text.xcconfig; name = "Pods-Restroom Review.debug.xcconfig"; path = "Target Support Files/Pods-Restroom Review/Pods-Restroom Review.debug.xcconfig"; sourceTree = "<group>"; };
		CD04EA5627D8A01600D90366 /* GoogleService-Info.plist */ = {isa = PBXFileReference; lastKnownFileType = text.plist; path = "GoogleService-Info.plist"; sourceTree = SOURCE_ROOT; };
		CDA7BA7427D209D60071497C /* Restroom Review.app */ = {isa = PBXFileReference; explicitFileType = wrapper.application; includeInIndex = 0; path = "Restroom Review.app"; sourceTree = BUILT_PRODUCTS_DIR; };
		CDA7BA7727D209D60071497C /* AppDelegate.swift */ = {isa = PBXFileReference; lastKnownFileType = sourcecode.swift; path = AppDelegate.swift; sourceTree = "<group>"; };
		CDA7BA7927D209D60071497C /* SceneDelegate.swift */ = {isa = PBXFileReference; lastKnownFileType = sourcecode.swift; path = SceneDelegate.swift; sourceTree = "<group>"; };
		CDA7BA7B27D209D60071497C /* LoginViewController.swift */ = {isa = PBXFileReference; lastKnownFileType = sourcecode.swift; path = LoginViewController.swift; sourceTree = "<group>"; };
		CDA7BA7E27D209D60071497C /* Base */ = {isa = PBXFileReference; lastKnownFileType = file.storyboard; name = Base; path = Base.lproj/Main.storyboard; sourceTree = "<group>"; };
		CDA7BA8027D209D70071497C /* Assets.xcassets */ = {isa = PBXFileReference; lastKnownFileType = folder.assetcatalog; path = Assets.xcassets; sourceTree = "<group>"; };
		CDA7BA8327D209D70071497C /* Base */ = {isa = PBXFileReference; lastKnownFileType = file.storyboard; name = Base; path = Base.lproj/LaunchScreen.storyboard; sourceTree = "<group>"; };
		CDA7BA8527D209D70071497C /* Info.plist */ = {isa = PBXFileReference; lastKnownFileType = text.plist.xml; path = Info.plist; sourceTree = "<group>"; };
		F1AD773DE8AE91B02A1FCB80 /* Pods_Restroom_Review.framework */ = {isa = PBXFileReference; explicitFileType = wrapper.framework; includeInIndex = 0; path = Pods_Restroom_Review.framework; sourceTree = BUILT_PRODUCTS_DIR; };
/* End PBXFileReference section */

/* Begin PBXFrameworksBuildPhase section */
		CDA7BA7127D209D60071497C /* Frameworks */ = {
			isa = PBXFrameworksBuildPhase;
			buildActionMask = 2147483647;
			files = (
				68CDA23F324BAD640FD3C290 /* Pods_Restroom_Review.framework in Frameworks */,
			);
			runOnlyForDeploymentPostprocessing = 0;
		};
/* End PBXFrameworksBuildPhase section */

/* Begin PBXGroup section */
		3DDAF642252446517A546206 /* Pods */ = {
			isa = PBXGroup;
			children = (
				CB33D7124D6BB6AF6D612447 /* Pods-Restroom Review.debug.xcconfig */,
				86E8CBD1D6A043E6CCEB78CA /* Pods-Restroom Review.release.xcconfig */,
			);
			path = Pods;
			sourceTree = "<group>";
		};
		85476893704484E408C3686D /* Frameworks */ = {
			isa = PBXGroup;
			children = (
				F1AD773DE8AE91B02A1FCB80 /* Pods_Restroom_Review.framework */,
			);
			name = Frameworks;
			sourceTree = "<group>";
		};
		CDA7BA6B27D209D60071497C = {
			isa = PBXGroup;
			children = (
				CDA7BA7627D209D60071497C /* Restroom Review */,
				CDA7BA7527D209D60071497C /* Products */,
				3DDAF642252446517A546206 /* Pods */,
				85476893704484E408C3686D /* Frameworks */,
			);
			sourceTree = "<group>";
		};
		CDA7BA7527D209D60071497C /* Products */ = {
			isa = PBXGroup;
			children = (
				CDA7BA7427D209D60071497C /* Restroom Review.app */,
			);
			name = Products;
			sourceTree = "<group>";
		};
		CDA7BA7627D209D60071497C /* Restroom Review */ = {
			isa = PBXGroup;
			children = (
				CDA7BA7727D209D60071497C /* AppDelegate.swift */,
				CDA7BA7927D209D60071497C /* SceneDelegate.swift */,
				CDA7BA7B27D209D60071497C /* LoginViewController.swift */,
				CDA7BA7D27D209D60071497C /* Main.storyboard */,
				CDA7BA8027D209D70071497C /* Assets.xcassets */,
				CDA7BA8227D209D70071497C /* LaunchScreen.storyboard */,
				CD04EA5627D8A01600D90366 /* GoogleService-Info.plist */,
				CDA7BA8527D209D70071497C /* Info.plist */,
			);
			path = "Restroom Review";
			sourceTree = "<group>";
		};
/* End PBXGroup section */

/* Begin PBXNativeTarget section */
		CDA7BA7327D209D60071497C /* Restroom Review */ = {
			isa = PBXNativeTarget;
			buildConfigurationList = CDA7BA8827D209D70071497C /* Build configuration list for PBXNativeTarget "Restroom Review" */;
			buildPhases = (
				37348BC414743E3CD5DC53C0 /* [CP] Check Pods Manifest.lock */,
				CDA7BA7027D209D60071497C /* Sources */,
				CDA7BA7127D209D60071497C /* Frameworks */,
				CDA7BA7227D209D60071497C /* Resources */,
				BCBCA01954ACC1E8DBCBCF1D /* [CP] Embed Pods Frameworks */,
				AD10641E1E0A469CA7F7C4C2 /* [CP] Copy Pods Resources */,
			);
			buildRules = (
			);
			dependencies = (
			);
			name = "Restroom Review";
			productName = "Restroom Review";
			productReference = CDA7BA7427D209D60071497C /* Restroom Review.app */;
			productType = "com.apple.product-type.application";
		};
/* End PBXNativeTarget section */

/* Begin PBXProject section */
		CDA7BA6C27D209D60071497C /* Project object */ = {
			isa = PBXProject;
			attributes = {
				BuildIndependentTargetsInParallel = 1;
				LastSwiftUpdateCheck = 1320;
				LastUpgradeCheck = 1320;
				TargetAttributes = {
					CDA7BA7327D209D60071497C = {
						CreatedOnToolsVersion = 13.2.1;
					};
				};
			};
			buildConfigurationList = CDA7BA6F27D209D60071497C /* Build configuration list for PBXProject "Restroom Review" */;
			compatibilityVersion = "Xcode 13.0";
			developmentRegion = en;
			hasScannedForEncodings = 0;
			knownRegions = (
				en,
				Base,
			);
			mainGroup = CDA7BA6B27D209D60071497C;
			productRefGroup = CDA7BA7527D209D60071497C /* Products */;
			projectDirPath = "";
			projectRoot = "";
			targets = (
				CDA7BA7327D209D60071497C /* Restroom Review */,
			);
		};
/* End PBXProject section */

/* Begin PBXResourcesBuildPhase section */
		CDA7BA7227D209D60071497C /* Resources */ = {
			isa = PBXResourcesBuildPhase;
			buildActionMask = 2147483647;
			files = (
				CDA7BA8427D209D70071497C /* LaunchScreen.storyboard in Resources */,
				CD04EA5727D8A01600D90366 /* GoogleService-Info.plist in Resources */,
				CDA7BA8127D209D70071497C /* Assets.xcassets in Resources */,
				CDA7BA7F27D209D60071497C /* Main.storyboard in Resources */,
			);
			runOnlyForDeploymentPostprocessing = 0;
		};
/* End PBXResourcesBuildPhase section */

/* Begin PBXShellScriptBuildPhase section */
		37348BC414743E3CD5DC53C0 /* [CP] Check Pods Manifest.lock */ = {
			isa = PBXShellScriptBuildPhase;
			buildActionMask = 2147483647;
			files = (
			);
			inputFileListPaths = (
			);
			inputPaths = (
				"${PODS_PODFILE_DIR_PATH}/Podfile.lock",
				"${PODS_ROOT}/Manifest.lock",
			);
			name = "[CP] Check Pods Manifest.lock";
			outputFileListPaths = (
			);
			outputPaths = (
				"$(DERIVED_FILE_DIR)/Pods-Restroom Review-checkManifestLockResult.txt",
			);
			runOnlyForDeploymentPostprocessing = 0;
			shellPath = /bin/sh;
			shellScript = "diff \"${PODS_PODFILE_DIR_PATH}/Podfile.lock\" \"${PODS_ROOT}/Manifest.lock\" > /dev/null\nif [ $? != 0 ] ; then\n    # print error to STDERR\n    echo \"error: The sandbox is not in sync with the Podfile.lock. Run 'pod install' or update your CocoaPods installation.\" >&2\n    exit 1\nfi\n# This output is used by Xcode 'outputs' to avoid re-running this script phase.\necho \"SUCCESS\" > \"${SCRIPT_OUTPUT_FILE_0}\"\n";
			showEnvVarsInLog = 0;
		};
		AD10641E1E0A469CA7F7C4C2 /* [CP] Copy Pods Resources */ = {
			isa = PBXShellScriptBuildPhase;
			buildActionMask = 2147483647;
			files = (
			);
			inputFileListPaths = (
				"${PODS_ROOT}/Target Support Files/Pods-Restroom Review/Pods-Restroom Review-resources-${CONFIGURATION}-input-files.xcfilelist",
			);
			name = "[CP] Copy Pods Resources";
			outputFileListPaths = (
				"${PODS_ROOT}/Target Support Files/Pods-Restroom Review/Pods-Restroom Review-resources-${CONFIGURATION}-output-files.xcfilelist",
			);
			runOnlyForDeploymentPostprocessing = 0;
			shellPath = /bin/sh;
			shellScript = "\"${PODS_ROOT}/Target Support Files/Pods-Restroom Review/Pods-Restroom Review-resources.sh\"\n";
			showEnvVarsInLog = 0;
		};
		BCBCA01954ACC1E8DBCBCF1D /* [CP] Embed Pods Frameworks */ = {
			isa = PBXShellScriptBuildPhase;
			buildActionMask = 2147483647;
			files = (
			);
			inputFileListPaths = (
				"${PODS_ROOT}/Target Support Files/Pods-Restroom Review/Pods-Restroom Review-frameworks-${CONFIGURATION}-input-files.xcfilelist",
			);
			name = "[CP] Embed Pods Frameworks";
			outputFileListPaths = (
				"${PODS_ROOT}/Target Support Files/Pods-Restroom Review/Pods-Restroom Review-frameworks-${CONFIGURATION}-output-files.xcfilelist",
			);
			runOnlyForDeploymentPostprocessing = 0;
			shellPath = /bin/sh;
			shellScript = "\"${PODS_ROOT}/Target Support Files/Pods-Restroom Review/Pods-Restroom Review-frameworks.sh\"\n";
			showEnvVarsInLog = 0;
		};
/* End PBXShellScriptBuildPhase section */

/* Begin PBXSourcesBuildPhase section */
		CDA7BA7027D209D60071497C /* Sources */ = {
			isa = PBXSourcesBuildPhase;
			buildActionMask = 2147483647;
			files = (
				CDA7BA7C27D209D60071497C /* LoginViewController.swift in Sources */,
				CDA7BA7827D209D60071497C /* AppDelegate.swift in Sources */,
				CDA7BA7A27D209D60071497C /* SceneDelegate.swift in Sources */,
			);
			runOnlyForDeploymentPostprocessing = 0;
		};
/* End PBXSourcesBuildPhase section */

/* Begin PBXVariantGroup section */
		CDA7BA7D27D209D60071497C /* Main.storyboard */ = {
			isa = PBXVariantGroup;
			children = (
				CDA7BA7E27D209D60071497C /* Base */,
			);
			name = Main.storyboard;
			sourceTree = "<group>";
		};
		CDA7BA8227D209D70071497C /* LaunchScreen.storyboard */ = {
			isa = PBXVariantGroup;
			children = (
				CDA7BA8327D209D70071497C /* Base */,
			);
			name = LaunchScreen.storyboard;
			sourceTree = "<group>";
		};
/* End PBXVariantGroup section */

/* Begin XCBuildConfiguration section */
		CDA7BA8627D209D70071497C /* Debug */ = {
			isa = XCBuildConfiguration;
			buildSettings = {
				ALWAYS_SEARCH_USER_PATHS = NO;
				CLANG_ANALYZER_NONNULL = YES;
				CLANG_ANALYZER_NUMBER_OBJECT_CONVERSION = YES_AGGRESSIVE;
				CLANG_CXX_LANGUAGE_STANDARD = "gnu++17";
				CLANG_CXX_LIBRARY = "libc++";
				CLANG_ENABLE_MODULES = YES;
				CLANG_ENABLE_OBJC_ARC = YES;
				CLANG_ENABLE_OBJC_WEAK = YES;
				CLANG_WARN_BLOCK_CAPTURE_AUTORELEASING = YES;
				CLANG_WARN_BOOL_CONVERSION = YES;
				CLANG_WARN_COMMA = YES;
				CLANG_WARN_CONSTANT_CONVERSION = YES;
				CLANG_WARN_DEPRECATED_OBJC_IMPLEMENTATIONS = YES;
				CLANG_WARN_DIRECT_OBJC_ISA_USAGE = YES_ERROR;
				CLANG_WARN_DOCUMENTATION_COMMENTS = YES;
				CLANG_WARN_EMPTY_BODY = YES;
				CLANG_WARN_ENUM_CONVERSION = YES;
				CLANG_WARN_INFINITE_RECURSION = YES;
				CLANG_WARN_INT_CONVERSION = YES;
				CLANG_WARN_NON_LITERAL_NULL_CONVERSION = YES;
				CLANG_WARN_OBJC_IMPLICIT_RETAIN_SELF = YES;
				CLANG_WARN_OBJC_LITERAL_CONVERSION = YES;
				CLANG_WARN_OBJC_ROOT_CLASS = YES_ERROR;
				CLANG_WARN_QUOTED_INCLUDE_IN_FRAMEWORK_HEADER = YES;
				CLANG_WARN_RANGE_LOOP_ANALYSIS = YES;
				CLANG_WARN_STRICT_PROTOTYPES = YES;
				CLANG_WARN_SUSPICIOUS_MOVE = YES;
				CLANG_WARN_UNGUARDED_AVAILABILITY = YES_AGGRESSIVE;
				CLANG_WARN_UNREACHABLE_CODE = YES;
				CLANG_WARN__DUPLICATE_METHOD_MATCH = YES;
				COPY_PHASE_STRIP = NO;
				DEBUG_INFORMATION_FORMAT = dwarf;
				ENABLE_STRICT_OBJC_MSGSEND = YES;
				ENABLE_TESTABILITY = YES;
				GCC_C_LANGUAGE_STANDARD = gnu11;
				GCC_DYNAMIC_NO_PIC = NO;
				GCC_NO_COMMON_BLOCKS = YES;
				GCC_OPTIMIZATION_LEVEL = 0;
				GCC_PREPROCESSOR_DEFINITIONS = (
					"DEBUG=1",
					"$(inherited)",
				);
				GCC_WARN_64_TO_32_BIT_CONVERSION = YES;
				GCC_WARN_ABOUT_RETURN_TYPE = YES_ERROR;
				GCC_WARN_UNDECLARED_SELECTOR = YES;
				GCC_WARN_UNINITIALIZED_AUTOS = YES_AGGRESSIVE;
				GCC_WARN_UNUSED_FUNCTION = YES;
				GCC_WARN_UNUSED_VARIABLE = YES;
				IPHONEOS_DEPLOYMENT_TARGET = 15.2;
				MTL_ENABLE_DEBUG_INFO = INCLUDE_SOURCE;
				MTL_FAST_MATH = YES;
				ONLY_ACTIVE_ARCH = YES;
				SDKROOT = iphoneos;
				SWIFT_ACTIVE_COMPILATION_CONDITIONS = DEBUG;
				SWIFT_OPTIMIZATION_LEVEL = "-Onone";
			};
			name = Debug;
		};
		CDA7BA8727D209D70071497C /* Release */ = {
			isa = XCBuildConfiguration;
			buildSettings = {
				ALWAYS_SEARCH_USER_PATHS = NO;
				CLANG_ANALYZER_NONNULL = YES;
				CLANG_ANALYZER_NUMBER_OBJECT_CONVERSION = YES_AGGRESSIVE;
				CLANG_CXX_LANGUAGE_STANDARD = "gnu++17";
				CLANG_CXX_LIBRARY = "libc++";
				CLANG_ENABLE_MODULES = YES;
				CLANG_ENABLE_OBJC_ARC = YES;
				CLANG_ENABLE_OBJC_WEAK = YES;
				CLANG_WARN_BLOCK_CAPTURE_AUTORELEASING = YES;
				CLANG_WARN_BOOL_CONVERSION = YES;
				CLANG_WARN_COMMA = YES;
				CLANG_WARN_CONSTANT_CONVERSION = YES;
				CLANG_WARN_DEPRECATED_OBJC_IMPLEMENTATIONS = YES;
				CLANG_WARN_DIRECT_OBJC_ISA_USAGE = YES_ERROR;
				CLANG_WARN_DOCUMENTATION_COMMENTS = YES;
				CLANG_WARN_EMPTY_BODY = YES;
				CLANG_WARN_ENUM_CONVERSION = YES;
				CLANG_WARN_INFINITE_RECURSION = YES;
				CLANG_WARN_INT_CONVERSION = YES;
				CLANG_WARN_NON_LITERAL_NULL_CONVERSION = YES;
				CLANG_WARN_OBJC_IMPLICIT_RETAIN_SELF = YES;
				CLANG_WARN_OBJC_LITERAL_CONVERSION = YES;
				CLANG_WARN_OBJC_ROOT_CLASS = YES_ERROR;
				CLANG_WARN_QUOTED_INCLUDE_IN_FRAMEWORK_HEADER = YES;
				CLANG_WARN_RANGE_LOOP_ANALYSIS = YES;
				CLANG_WARN_STRICT_PROTOTYPES = YES;
				CLANG_WARN_SUSPICIOUS_MOVE = YES;
				CLANG_WARN_UNGUARDED_AVAILABILITY = YES_AGGRESSIVE;
				CLANG_WARN_UNREACHABLE_CODE = YES;
				CLANG_WARN__DUPLICATE_METHOD_MATCH = YES;
				COPY_PHASE_STRIP = NO;
				DEBUG_INFORMATION_FORMAT = "dwarf-with-dsym";
				ENABLE_NS_ASSERTIONS = NO;
				ENABLE_STRICT_OBJC_MSGSEND = YES;
				GCC_C_LANGUAGE_STANDARD = gnu11;
				GCC_NO_COMMON_BLOCKS = YES;
				GCC_WARN_64_TO_32_BIT_CONVERSION = YES;
				GCC_WARN_ABOUT_RETURN_TYPE = YES_ERROR;
				GCC_WARN_UNDECLARED_SELECTOR = YES;
				GCC_WARN_UNINITIALIZED_AUTOS = YES_AGGRESSIVE;
				GCC_WARN_UNUSED_FUNCTION = YES;
				GCC_WARN_UNUSED_VARIABLE = YES;
				IPHONEOS_DEPLOYMENT_TARGET = 15.2;
				MTL_ENABLE_DEBUG_INFO = NO;
				MTL_FAST_MATH = YES;
				SDKROOT = iphoneos;
				SWIFT_COMPILATION_MODE = wholemodule;
				SWIFT_OPTIMIZATION_LEVEL = "-O";
				VALIDATE_PRODUCT = YES;
			};
			name = Release;
		};
		CDA7BA8927D209D70071497C /* Debug */ = {
			isa = XCBuildConfiguration;
			baseConfigurationReference = CB33D7124D6BB6AF6D612447 /* Pods-Restroom Review.debug.xcconfig */;
			buildSettings = {
				ASSETCATALOG_COMPILER_APPICON_NAME = AppIcon;
				ASSETCATALOG_COMPILER_GLOBAL_ACCENT_COLOR_NAME = AccentColor;
				CODE_SIGN_STYLE = Automatic;
				CURRENT_PROJECT_VERSION = 1;
				DEVELOPMENT_TEAM = ZQVP7H5NWM;
				GENERATE_INFOPLIST_FILE = YES;
				INFOPLIST_FILE = "Restroom Review/Info.plist";
				INFOPLIST_KEY_UIApplicationSupportsIndirectInputEvents = YES;
				INFOPLIST_KEY_UILaunchStoryboardName = LaunchScreen;
				INFOPLIST_KEY_UIMainStoryboardFile = Main;
				INFOPLIST_KEY_UISupportedInterfaceOrientations_iPad = "UIInterfaceOrientationPortrait UIInterfaceOrientationPortraitUpsideDown UIInterfaceOrientationLandscapeLeft UIInterfaceOrientationLandscapeRight";
				INFOPLIST_KEY_UISupportedInterfaceOrientations_iPhone = "UIInterfaceOrientationPortrait UIInterfaceOrientationLandscapeLeft UIInterfaceOrientationLandscapeRight";
				LD_RUNPATH_SEARCH_PATHS = (
					"$(inherited)",
					"@executable_path/Frameworks",
				);
				MARKETING_VERSION = 1.0;
				PRODUCT_BUNDLE_IDENTIFIER = "nduya.sfsu.edu.Restroom-Review";
				PRODUCT_NAME = "$(TARGET_NAME)";
				SWIFT_EMIT_LOC_STRINGS = YES;
				SWIFT_VERSION = 5.0;
				TARGETED_DEVICE_FAMILY = "1,2";
			};
			name = Debug;
		};
		CDA7BA8A27D209D70071497C /* Release */ = {
			isa = XCBuildConfiguration;
			baseConfigurationReference = 86E8CBD1D6A043E6CCEB78CA /* Pods-Restroom Review.release.xcconfig */;
			buildSettings = {
				ASSETCATALOG_COMPILER_APPICON_NAME = AppIcon;
				ASSETCATALOG_COMPILER_GLOBAL_ACCENT_COLOR_NAME = AccentColor;
				CODE_SIGN_STYLE = Automatic;
				CURRENT_PROJECT_VERSION = 1;
				DEVELOPMENT_TEAM = ZQVP7H5NWM;
				GENERATE_INFOPLIST_FILE = YES;
				INFOPLIST_FILE = "Restroom Review/Info.plist";
				INFOPLIST_KEY_UIApplicationSupportsIndirectInputEvents = YES;
				INFOPLIST_KEY_UILaunchStoryboardName = LaunchScreen;
				INFOPLIST_KEY_UIMainStoryboardFile = Main;
				INFOPLIST_KEY_UISupportedInterfaceOrientations_iPad = "UIInterfaceOrientationPortrait UIInterfaceOrientationPortraitUpsideDown UIInterfaceOrientationLandscapeLeft UIInterfaceOrientationLandscapeRight";
				INFOPLIST_KEY_UISupportedInterfaceOrientations_iPhone = "UIInterfaceOrientationPortrait UIInterfaceOrientationLandscapeLeft UIInterfaceOrientationLandscapeRight";
				LD_RUNPATH_SEARCH_PATHS = (
					"$(inherited)",
					"@executable_path/Frameworks",
				);
				MARKETING_VERSION = 1.0;
				PRODUCT_BUNDLE_IDENTIFIER = "nduya.sfsu.edu.Restroom-Review";
				PRODUCT_NAME = "$(TARGET_NAME)";
				SWIFT_EMIT_LOC_STRINGS = YES;
				SWIFT_VERSION = 5.0;
				TARGETED_DEVICE_FAMILY = "1,2";
			};
			name = Release;
		};
/* End XCBuildConfiguration section */

/* Begin XCConfigurationList section */
		CDA7BA6F27D209D60071497C /* Build configuration list for PBXProject "Restroom Review" */ = {
			isa = XCConfigurationList;
			buildConfigurations = (
				CDA7BA8627D209D70071497C /* Debug */,
				CDA7BA8727D209D70071497C /* Release */,
			);
			defaultConfigurationIsVisible = 0;
			defaultConfigurationName = Release;
		};
		CDA7BA8827D209D70071497C /* Build configuration list for PBXNativeTarget "Restroom Review" */ = {
			isa = XCConfigurationList;
			buildConfigurations = (
				CDA7BA8927D209D70071497C /* Debug */,
				CDA7BA8A27D209D70071497C /* Release */,
			);
			defaultConfigurationIsVisible = 0;
			defaultConfigurationName = Release;
		};
/* End XCConfigurationList section */
	};
	rootObject = CDA7BA6C27D209D60071497C /* Project object */;
}
